
Microsoft Visual Studio Solution File, Format Version 12.00
# Visual Studio 15
VisualStudioVersion = 15.0.28307.852
MinimumVisualStudioVersion = 10.0.40219.1
Project("{FAE04EC0-301F-11D3-BF4B-00C04F79EFBC}") = "bai tap lon mon t5", "bai tap lon mon t5\bai tap lon mon t5.csproj", "{9B403150-13C5-4082-9839-7A1503E18BF9}"
EndProject
Global
	GlobalSection(SolutionConfigurationPlatforms) = preSolution
		Debug|Any CPU = Debug|Any CPU
		Release|Any CPU = Release|Any CPU
	EndGlobalSection
	GlobalSection(ProjectConfigurationPlatforms) = postSolution
		{9B403150-13C5-4082-9839-7A1503E18BF9}.Debug|Any CPU.ActiveCfg = Debug|Any CPU
		{9B403150-13C5-4082-9839-7A1503E18BF9}.Debug|Any CPU.Build.0 = Debug|Any CPU
		{9B403150-13C5-4082-9839-7A1503E18BF9}.Release|Any CPU.ActiveCfg = Release|Any CPU
		{9B403150-13C5-4082-9839-7A1503E18BF9}.Release|Any CPU.Build.0 = Release|Any CPU
	EndGlobalSection
	GlobalSection(SolutionProperties) = preSolution
		HideSolutionNode = FALSE
	EndGlobalSection
	GlobalSection(ExtensibilityGlobals) = postSolution
		SolutionGuid = {F35B0C6E-87DE-4EAD-981C-01E4C0AD8960}
	EndGlobalSection
EndGlobal
